// !$*UTF8*$!
{
	archiveVersion = 1;
	classes = {
	};
	objectVersion = 56;
	objects = {

/* Begin PBXBuildFile section */
		A10000000000000000000001 /* METApp.swift in Sources */ = {isa = PBXBuildFile; fileRef = B10000000000000000000001 /* METApp.swift */; };
		A10000000000000000000002 /* RootTabView.swift in Sources */ = {isa = PBXBuildFile; fileRef = B10000000000000000000002 /* RootTabView.swift */; };
		A10000000000000000000003 /* ChatView.swift in Sources */ = {isa = PBXBuildFile; fileRef = B10000000000000000000003 /* ChatView.swift */; };
		A10000000000000000000004 /* ImprovementSummaryView.swift in Sources */ = {isa = PBXBuildFile; fileRef = B10000000000000000000004 /* ImprovementSummaryView.swift */; };
		A10000000000000000000005 /* SettingsView.swift in Sources */ = {isa = PBXBuildFile; fileRef = B10000000000000000000005 /* SettingsView.swift */; };
		A10000000000000000000006 /* ChatViewModel.swift in Sources */ = {isa = PBXBuildFile; fileRef = B10000000000000000000006 /* ChatViewModel.swift */; };
		A10000000000000000000007 /* Models.swift in Sources */ = {isa = PBXBuildFile; fileRef = B10000000000000000000007 /* Models.swift */; };
		A10000000000000000000008 /* AIClient.swift in Sources */ = {isa = PBXBuildFile; fileRef = B10000000000000000000008 /* AIClient.swift */; };
		A10000000000000000000009 /* LocalStore.swift in Sources */ = {isa = PBXBuildFile; fileRef = B10000000000000000000009 /* LocalStore.swift */; };
		A1000000000000000000000D /* SecretsStore.swift in Sources */ = {isa = PBXBuildFile; fileRef = B1000000000000000000000D /* SecretsStore.swift */; };
		A1000000000000000000000E /* Secrets.plist in Resources */ = {isa = PBXBuildFile; fileRef = B1000000000000000000000F /* Secrets.plist */; };
		A1000000000000000000000C /* MoonshotConfig.swift in Sources */ = {isa = PBXBuildFile; fileRef = B1000000000000000000000C /* MoonshotConfig.swift */; };
		A1000000000000000000000B /* Assets.xcassets in Resources */ = {isa = PBXBuildFile; fileRef = B1000000000000000000000B /* Assets.xcassets */; };
		F30000000000000000000003 /* OpenAI in Frameworks */ = {isa = PBXBuildFile; productRef = F30000000000000000000002 /* OpenAI */; };
/* End PBXBuildFile section */

/* Begin PBXFileReference section */
		C10000000000000000000001 /* MET.app */ = {isa = PBXFileReference; explicitFileType = wrapper.application; includeInIndex = 0; path = MET.app; sourceTree = BUILT_PRODUCTS_DIR; };
		B10000000000000000000001 /* METApp.swift */ = {isa = PBXFileReference; lastKnownFileType = sourcecode.swift; path = METApp.swift; sourceTree = "<group>"; };
		B10000000000000000000002 /* RootTabView.swift */ = {isa = PBXFileReference; lastKnownFileType = sourcecode.swift; path = RootTabView.swift; sourceTree = "<group>"; };
		B10000000000000000000003 /* ChatView.swift */ = {isa = PBXFileReference; lastKnownFileType = sourcecode.swift; path = ChatView.swift; sourceTree = "<group>"; };
		B10000000000000000000004 /* ImprovementSummaryView.swift */ = {isa = PBXFileReference; lastKnownFileType = sourcecode.swift; path = ImprovementSummaryView.swift; sourceTree = "<group>"; };
		B10000000000000000000005 /* SettingsView.swift */ = {isa = PBXFileReference; lastKnownFileType = sourcecode.swift; path = SettingsView.swift; sourceTree = "<group>"; };
		B10000000000000000000006 /* ChatViewModel.swift */ = {isa = PBXFileReference; lastKnownFileType = sourcecode.swift; path = ChatViewModel.swift; sourceTree = "<group>"; };
		B10000000000000000000007 /* Models.swift */ = {isa = PBXFileReference; lastKnownFileType = sourcecode.swift; path = Models.swift; sourceTree = "<group>"; };
		B10000000000000000000008 /* AIClient.swift */ = {isa = PBXFileReference; lastKnownFileType = sourcecode.swift; path = AIClient.swift; sourceTree = "<group>"; };
		B10000000000000000000009 /* LocalStore.swift */ = {isa = PBXFileReference; lastKnownFileType = sourcecode.swift; path = LocalStore.swift; sourceTree = "<group>"; };
		B1000000000000000000000D /* SecretsStore.swift */ = {isa = PBXFileReference; lastKnownFileType = sourcecode.swift; path = SecretsStore.swift; sourceTree = "<group>"; };
		B1000000000000000000000E /* Secrets.example.plist */ = {isa = PBXFileReference; lastKnownFileType = text.plist.xml; path = Secrets.example.plist; sourceTree = "<group>"; };
		B1000000000000000000000F /* Secrets.plist */ = {isa = PBXFileReference; lastKnownFileType = text.plist.xml; path = Secrets.plist; sourceTree = "<group>"; };
		B1000000000000000000000C /* MoonshotConfig.swift */ = {isa = PBXFileReference; lastKnownFileType = sourcecode.swift; path = MoonshotConfig.swift; sourceTree = "<group>"; };
		B1000000000000000000000B /* Assets.xcassets */ = {isa = PBXFileReference; lastKnownFileType = folder.assetcatalog; path = Assets.xcassets; sourceTree = "<group>"; };
/* End PBXFileReference section */

/* Begin PBXFrameworksBuildPhase section */
		D10000000000000000000002 /* Frameworks */ = {
			isa = PBXFrameworksBuildPhase;
			buildActionMask = 2147483647;
			files = (
				F30000000000000000000003 /* OpenAI in Frameworks */,
			);
			runOnlyForDeploymentPostprocessing = 0;
		};
/* End PBXFrameworksBuildPhase section */

/* Begin PBXShellScriptBuildPhase section */
		E20000000000000000000001 /* Ensure Secrets.plist */ = {
			isa = PBXShellScriptBuildPhase;
			alwaysOutOfDate = 1;
			buildActionMask = 2147483647;
			files = (
			);
			inputFileListPaths = (
			);
			inputPaths = (
			);
			name = "Ensure Secrets.plist";
			outputFileListPaths = (
			);
			outputPaths = (
				"${SRCROOT}/MET/Secrets.plist",
			);
			runOnlyForDeploymentPostprocessing = 0;
			shellPath = /bin/sh;
			shellScript = "SECRETS_DIR=\"${SRCROOT}/MET\"\nEXAMPLE=\"${SECRETS_DIR}/Secrets.example.plist\"\nOUT=\"${SECRETS_DIR}/Secrets.plist\"\nif [ ! -f \"$OUT\" ]; then\n  /bin/cp \"$EXAMPLE\" \"$OUT\"\nfi\n";
		};
/* End PBXShellScriptBuildPhase section */

/* Begin PBXGroup section */
		D10000000000000000000003 = {
			isa = PBXGroup;
			children = (
				D10000000000000000000004 /* MET */,
				D10000000000000000000005 /* Products */,
			);
			sourceTree = "<group>";
		};
		D10000000000000000000005 /* Products */ = {
			isa = PBXGroup;
			children = (
				C10000000000000000000001 /* MET.app */,
			);
			name = Products;
			sourceTree = "<group>";
		};
		D10000000000000000000004 /* MET */ = {
			isa = PBXGroup;
			children = (
				B10000000000000000000001 /* METApp.swift */,
				B10000000000000000000002 /* RootTabView.swift */,
				B10000000000000000000003 /* ChatView.swift */,
				B10000000000000000000004 /* ImprovementSummaryView.swift */,
				B10000000000000000000005 /* SettingsView.swift */,
				B10000000000000000000006 /* ChatViewModel.swift */,
				B10000000000000000000007 /* Models.swift */,
				B10000000000000000000008 /* AIClient.swift */,
				B10000000000000000000009 /* LocalStore.swift */,
				B1000000000000000000000D /* SecretsStore.swift */,
				B1000000000000000000000E /* Secrets.example.plist */,
				B1000000000000000000000F /* Secrets.plist */,
				B1000000000000000000000C /* MoonshotConfig.swift */,
				B1000000000000000000000B /* Assets.xcassets */,
			);
			path = MET;
			sourceTree = "<group>";
		};
/* End PBXGroup section */

/* Begin PBXNativeTarget section */
		D10000000000000000000006 /* MET */ = {
			isa = PBXNativeTarget;
			buildConfigurationList = D10000000000000000000007 /* Build configuration list for PBXNativeTarget "MET" */;
			buildPhases = (
				E20000000000000000000001 /* Ensure Secrets.plist */,
				D10000000000000000000001 /* Sources */,
				D10000000000000000000002 /* Frameworks */,
				D10000000000000000000008 /* Resources */,
			);
			buildRules = (
			);
			dependencies = (
			);
			name = MET;
			packageProductDependencies = (
				F30000000000000000000002 /* OpenAI */,
			);
			productName = MET;
			productReference = C10000000000000000000001 /* MET.app */;
			productType = "com.apple.product-type.application";
		};
/* End PBXNativeTarget section */

/* Begin PBXProject section */
		D10000000000000000000009 /* Project object */ = {
			isa = PBXProject;
			attributes = {
				BuildIndependentTargetsInParallel = 1;
				LastSwiftUpdateCheck = 1640;
				LastUpgradeCheck = 1640;
				TargetAttributes = {
					D10000000000000000000006 = {
						CreatedOnToolsVersion = 16.4;
					};
				};
			};
			buildConfigurationList = D1000000000000000000000A /* Build configuration list for PBXProject "MET" */;
			compatibilityVersion = "Xcode 14.0";
			developmentRegion = en;
			packageReferences = (
				F30000000000000000000001 /* XCRemoteSwiftPackageReference "OpenAI" */,
			);
			hasScannedForEncodings = 0;
			knownRegions = (
				en,
				Base,
			);
			mainGroup = D10000000000000000000003;
			productRefGroup = D10000000000000000000005 /* Products */;
			projectDirPath = "";
			projectRoot = "";
			targets = (
				D10000000000000000000006 /* MET */,
			);
		};
/* End PBXProject section */

/* Begin PBXResourcesBuildPhase section */
		D10000000000000000000008 /* Resources */ = {
			isa = PBXResourcesBuildPhase;
			buildActionMask = 2147483647;
			files = (
				A1000000000000000000000E /* Secrets.plist in Resources */,
				A1000000000000000000000B /* Assets.xcassets in Resources */,
			);
			runOnlyForDeploymentPostprocessing = 0;
		};
/* End PBXResourcesBuildPhase section */

/* Begin PBXSourcesBuildPhase section */
		D10000000000000000000001 /* Sources */ = {
			isa = PBXSourcesBuildPhase;
			buildActionMask = 2147483647;
			files = (
				A10000000000000000000001 /* METApp.swift in Sources */,
				A10000000000000000000002 /* RootTabView.swift in Sources */,
				A10000000000000000000003 /* ChatView.swift in Sources */,
				A10000000000000000000004 /* ImprovementSummaryView.swift in Sources */,
				A10000000000000000000005 /* SettingsView.swift in Sources */,
				A10000000000000000000006 /* ChatViewModel.swift in Sources */,
				A10000000000000000000007 /* Models.swift in Sources */,
				A10000000000000000000008 /* AIClient.swift in Sources */,
				A10000000000000000000009 /* LocalStore.swift in Sources */,
				A1000000000000000000000D /* SecretsStore.swift in Sources */,
				A1000000000000000000000C /* MoonshotConfig.swift in Sources */,
			);
			runOnlyForDeploymentPostprocessing = 0;
		};
/* End PBXSourcesBuildPhase section */

/* Begin XCBuildConfiguration section */
		E10000000000000000000001 /* Debug */ = {
			isa = XCBuildConfiguration;
			buildSettings = {
				ALWAYS_SEARCH_USER_PATHS = NO;
				ASSETCATALOG_COMPILER_GENERATE_SWIFT_ASSET_SYMBOL_EXTENSIONS = YES;
				CLANG_ANALYZER_NONNULL = YES;
				CLANG_ANALYZER_NUMBER_OBJECT_CONVERSION = YES_AGGRESSIVE;
				CLANG_CXX_LANGUAGE_STANDARD = "gnu++20";
				CLANG_ENABLE_MODULES = YES;
				CLANG_ENABLE_OBJC_ARC = YES;
				CLANG_ENABLE_OBJC_WEAK = YES;
				CLANG_WARN_BLOCK_CAPTURE_AUTORELEASING = YES;
				CLANG_WARN_BOOL_CONVERSION = YES;
				CLANG_WARN_COMMA = YES;
				CLANG_WARN_CONSTANT_CONVERSION = YES;
				CLANG_WARN_DEPRECATED_OBJC_IMPLEMENTATIONS = YES;
				CLANG_WARN_DIRECT_OBJC_ISA_USAGE = YES_ERROR;
				CLANG_WARN_DOCUMENTATION_COMMENTS = YES;
				CLANG_WARN_EMPTY_BODY = YES;
				CLANG_WARN_ENUM_CONVERSION = YES;
				CLANG_WARN_INFINITE_RECURSION = YES;
				CLANG_WARN_INT_CONVERSION = YES;
				CLANG_WARN_NON_LITERAL_NULL_CONVERSION = YES;
				CLANG_WARN_OBJC_IMPLICIT_RETAIN_SELF = YES;
				CLANG_WARN_OBJC_LITERAL_CONVERSION = YES;
				CLANG_WARN_OBJC_ROOT_CLASS = YES_ERROR;
				CLANG_WARN_QUOTED_INCLUDE_IN_FRAMEWORK_HEADER = YES;
				CLANG_WARN_RANGE_LOOP_ANALYSIS = YES;
				CLANG_WARN_STRICT_PROTOTYPES = YES;
				CLANG_WARN_SUSPICIOUS_MOVE = YES;
				CLANG_WARN_UNGUARDED_AVAILABILITY = YES_AGGRESSIVE;
				CLANG_WARN_UNREACHABLE_CODE = YES;
				CLANG_WARN__DUPLICATE_METHOD_MATCH = YES;
				COPY_PHASE_STRIP = NO;
				DEBUG_INFORMATION_FORMAT = dwarf;
				ENABLE_STRICT_OBJC_MSGSEND = YES;
				ENABLE_TESTABILITY = YES;
				ENABLE_USER_SCRIPT_SANDBOXING = NO;
				GCC_C_LANGUAGE_STANDARD = gnu17;
				GCC_DYNAMIC_NO_PIC = NO;
				GCC_NO_COMMON_BLOCKS = YES;
				GCC_OPTIMIZATION_LEVEL = 0;
				GCC_PREPROCESSOR_DEFINITIONS = (
					"DEBUG=1",
					"$(inherited)",
				);
				GCC_WARN_64_TO_32_BIT_CONVERSION = YES;
				GCC_WARN_ABOUT_RETURN_TYPE = YES_ERROR;
				GCC_WARN_UNDECLARED_SELECTOR = YES;
				GCC_WARN_UNINITIALIZED_AUTOS = YES_AGGRESSIVE;
				GCC_WARN_UNUSED_FUNCTION = YES;
				GCC_WARN_UNUSED_VARIABLE = YES;
				IPHONEOS_DEPLOYMENT_TARGET = 17.0;
				LOCALIZATION_PREFERS_STRING_CATALOGS = YES;
				MTL_ENABLE_DEBUG_INFO = INCLUDE_SOURCE;
				MTL_FAST_MATH = YES;
				ONLY_ACTIVE_ARCH = YES;
				SDKROOT = iphoneos;
				SWIFT_ACTIVE_COMPILATION_CONDITIONS = "DEBUG $(inherited)";
				SWIFT_OPTIMIZATION_LEVEL = "-Onone";
			};
			name = Debug;
		};
		E10000000000000000000002 /* Release */ = {
			isa = XCBuildConfiguration;
			buildSettings = {
				ALWAYS_SEARCH_USER_PATHS = NO;
				ASSETCATALOG_COMPILER_GENERATE_SWIFT_ASSET_SYMBOL_EXTENSIONS = YES;
				CLANG_ANALYZER_NONNULL = YES;
				CLANG_ANALYZER_NUMBER_OBJECT_CONVERSION = YES_AGGRESSIVE;
				CLANG_CXX_LANGUAGE_STANDARD = "gnu++20";
				CLANG_ENABLE_MODULES = YES;
				CLANG_ENABLE_OBJC_ARC = YES;
				CLANG_ENABLE_OBJC_WEAK = YES;
				CLANG_WARN_BLOCK_CAPTURE_AUTORELEASING = YES;
				CLANG_WARN_BOOL_CONVERSION = YES;
				CLANG_WARN_COMMA = YES;
				CLANG_WARN_CONSTANT_CONVERSION = YES;
				CLANG_WARN_DEPRECATED_OBJC_IMPLEMENTATIONS = YES;
				CLANG_WARN_DIRECT_OBJC_ISA_USAGE = YES_ERROR;
				CLANG_WARN_DOCUMENTATION_COMMENTS = YES;
				CLANG_WARN_EMPTY_BODY = YES;
				CLANG_WARN_ENUM_CONVERSION = YES;
				CLANG_WARN_INFINITE_RECURSION = YES;
				CLANG_WARN_INT_CONVERSION = YES;
				CLANG_WARN_NON_LITERAL_NULL_CONVERSION = YES;
				CLANG_WARN_OBJC_IMPLICIT_RETAIN_SELF = YES;
				CLANG_WARN_OBJC_LITERAL_CONVERSION = YES;
				CLANG_WARN_OBJC_ROOT_CLASS = YES_ERROR;
				CLANG_WARN_QUOTED_INCLUDE_IN_FRAMEWORK_HEADER = YES;
				CLANG_WARN_RANGE_LOOP_ANALYSIS = YES;
				CLANG_WARN_STRICT_PROTOTYPES = YES;
				CLANG_WARN_SUSPICIOUS_MOVE = YES;
				CLANG_WARN_UNGUARDED_AVAILABILITY = YES_AGGRESSIVE;
				CLANG_WARN_UNREACHABLE_CODE = YES;
				CLANG_WARN__DUPLICATE_METHOD_MATCH = YES;
				COPY_PHASE_STRIP = NO;
				DEBUG_INFORMATION_FORMAT = "dwarf-with-dsym";
				ENABLE_NS_ASSERTIONS = NO;
				ENABLE_STRICT_OBJC_MSGSEND = YES;
				ENABLE_USER_SCRIPT_SANDBOXING = NO;
				GCC_C_LANGUAGE_STANDARD = gnu17;
				GCC_NO_COMMON_BLOCKS = YES;
				GCC_WARN_64_TO_32_BIT_CONVERSION = YES;
				GCC_WARN_ABOUT_RETURN_TYPE = YES_ERROR;
				GCC_WARN_UNDECLARED_SELECTOR = YES;
				GCC_WARN_UNINITIALIZED_AUTOS = YES_AGGRESSIVE;
				GCC_WARN_UNUSED_FUNCTION = YES;
				GCC_WARN_UNUSED_VARIABLE = YES;
				IPHONEOS_DEPLOYMENT_TARGET = 17.0;
				LOCALIZATION_PREFERS_STRING_CATALOGS = YES;
				MTL_ENABLE_DEBUG_INFO = NO;
				MTL_FAST_MATH = YES;
				SDKROOT = iphoneos;
				SWIFT_COMPILATION_MODE = wholemodule;
				VALIDATE_PRODUCT = YES;
			};
			name = Release;
		};
		E10000000000000000000003 /* Debug */ = {
			isa = XCBuildConfiguration;
			buildSettings = {
				ASSETCATALOG_COMPILER_APPICON_NAME = AppIcon;
				ASSETCATALOG_COMPILER_GLOBAL_ACCENT_COLOR_NAME = AccentColor;
				CODE_SIGN_STYLE = Automatic;
				CURRENT_PROJECT_VERSION = 1;
				DEVELOPMENT_TEAM = "";
				ENABLE_PREVIEWS = YES;
				GENERATE_INFOPLIST_FILE = YES;
				INFOPLIST_KEY_CFBundleDisplayName = MET;
				INFOPLIST_KEY_LSApplicationCategoryType = "public.app-category.education";
				INFOPLIST_KEY_UIApplicationSceneManifest_Generation = YES;
				INFOPLIST_KEY_UIApplicationSupportsIndirectInputEvents = YES;
				INFOPLIST_KEY_UILaunchScreen_Generation = YES;
				INFOPLIST_KEY_UISupportedInterfaceOrientations = UIInterfaceOrientationPortrait;
				LD_RUNPATH_SEARCH_PATHS = (
					"$(inherited)",
					"@executable_path/Frameworks",
				);
				MARKETING_VERSION = 1.0;
				PRODUCT_BUNDLE_IDENTIFIER = app.met.MET;
				PRODUCT_NAME = "$(TARGET_NAME)";
				SUPPORTED_PLATFORMS = "iphoneos iphonesimulator";
				SUPPORTS_MACCATALYST = NO;
				SWIFT_EMIT_LOC_STRINGS = YES;
				SWIFT_VERSION = 5.10;
				TARGETED_DEVICE_FAMILY = 1;
			};
			name = Debug;
		};
		E10000000000000000000004 /* Release */ = {
			isa = XCBuildConfiguration;
			buildSettings = {
				ASSETCATALOG_COMPILER_APPICON_NAME = AppIcon;
				ASSETCATALOG_COMPILER_GLOBAL_ACCENT_COLOR_NAME = AccentColor;
				CODE_SIGN_STYLE = Automatic;
				CURRENT_PROJECT_VERSION = 1;
				DEVELOPMENT_TEAM = "";
				ENABLE_PREVIEWS = YES;
				GENERATE_INFOPLIST_FILE = YES;
				INFOPLIST_KEY_CFBundleDisplayName = MET;
				INFOPLIST_KEY_LSApplicationCategoryType = "public.app-category.education";
				INFOPLIST_KEY_UIApplicationSceneManifest_Generation = YES;
				INFOPLIST_KEY_UIApplicationSupportsIndirectInputEvents = YES;
				INFOPLIST_KEY_UILaunchScreen_Generation = YES;
				INFOPLIST_KEY_UISupportedInterfaceOrientations = UIInterfaceOrientationPortrait;
				LD_RUNPATH_SEARCH_PATHS = (
					"$(inherited)",
					"@executable_path/Frameworks",
				);
				MARKETING_VERSION = 1.0;
				PRODUCT_BUNDLE_IDENTIFIER = app.met.MET;
				PRODUCT_NAME = "$(TARGET_NAME)";
				SUPPORTED_PLATFORMS = "iphoneos iphonesimulator";
				SUPPORTS_MACCATALYST = NO;
				SWIFT_EMIT_LOC_STRINGS = YES;
				SWIFT_VERSION = 5.10;
				TARGETED_DEVICE_FAMILY = 1;
			};
			name = Release;
		};
/* End XCBuildConfiguration section */

/* Begin XCRemoteSwiftPackageReference section */
		F30000000000000000000001 /* XCRemoteSwiftPackageReference "OpenAI" */ = {
			isa = XCRemoteSwiftPackageReference;
			repositoryURL = "https://github.com/MacPaw/OpenAI.git";
			requirement = {
				kind = upToNextMajorVersion;
				minimumVersion = 0.4.0;
			};
		};
/* End XCRemoteSwiftPackageReference section */

/* Begin XCSwiftPackageProductDependency section */
		F30000000000000000000002 /* OpenAI */ = {
			isa = XCSwiftPackageProductDependency;
			package = F30000000000000000000001 /* XCRemoteSwiftPackageReference "OpenAI" */;
			productName = OpenAI;
		};
/* End XCSwiftPackageProductDependency section */

/* Begin XCConfigurationList section */
		D1000000000000000000000A /* Build configuration list for PBXProject "MET" */ = {
			isa = XCConfigurationList;
			buildConfigurations = (
				E10000000000000000000001 /* Debug */,
				E10000000000000000000002 /* Release */,
			);
			defaultConfigurationIsVisible = 0;
			defaultConfigurationName = Release;
		};
		D10000000000000000000007 /* Build configuration list for PBXNativeTarget "MET" */ = {
			isa = XCConfigurationList;
			buildConfigurations = (
				E10000000000000000000003 /* Debug */,
				E10000000000000000000004 /* Release */,
			);
			defaultConfigurationIsVisible = 0;
			defaultConfigurationName = Release;
		};
/* End XCConfigurationList section */
	};
	rootObject = D10000000000000000000009 /* Project object */;
}
